
Microsoft Visual Studio Solution File, Format Version 12.00
# Visual Studio Version 16
VisualStudioVersion = 16.0.32929.386
MinimumVisualStudioVersion = 10.0.40219.1
Project("{FAE04EC0-301F-11D3-BF4B-00C04F79EFBC}") = "LeetCodeProblems", "LeetCodeProblems\LeetCodeProblems.csproj", "{D57DC868-EC41-4EF7-B3F9-274F1523FEFA}"
EndProject
Global
	GlobalSection(SolutionConfigurationPlatforms) = preSolution
		Debug|Any CPU = Debug|Any CPU
		Release|Any CPU = Release|Any CPU
	EndGlobalSection
	GlobalSection(ProjectConfigurationPlatforms) = postSolution
		{D57DC868-EC41-4EF7-B3F9-274F1523FEFA}.Debug|Any CPU.ActiveCfg = Debug|Any CPU
		{D57DC868-EC41-4EF7-B3F9-274F1523FEFA}.Debug|Any CPU.Build.0 = Debug|Any CPU
		{D57DC868-EC41-4EF7-B3F9-274F1523FEFA}.Release|Any CPU.ActiveCfg = Release|Any CPU
		{D57DC868-EC41-4EF7-B3F9-274F1523FEFA}.Release|Any CPU.Build.0 = Release|Any CPU
	EndGlobalSection
	GlobalSection(SolutionProperties) = preSolution
		HideSolutionNode = FALSE
	EndGlobalSection
	GlobalSection(ExtensibilityGlobals) = postSolution
		SolutionGuid = {CB4D4BAD-6F86-4459-B109-0FB0F24FE9A8}
	EndGlobalSection
EndGlobal
